PODS:
  - Kingfisher (7.3.1)
  - Realm (10.28.3):
    - Realm/Headers (= 10.28.3)
  - Realm/Headers (10.28.3)
  - RealmSwift (10.28.3):
    - Realm (= 10.28.3)
  - Swinject (2.7.1)
  - SwinjectAutoregistration (2.8.1):
    - Swinject (= 2.7.1)
  - Toast-Swift (5.0.1)
  - UIScrollView-InfiniteScroll (1.1.0)

DEPENDENCIES:
  - Kingfisher
  - RealmSwift
  - Swinject
  - SwinjectAutoregistration
  - Toast-Swift
  - UIScrollView-InfiniteScroll

SPEC REPOS:
  trunk:
    - Kingfisher
    - Realm
    - RealmSwift
    - Swinject
    - SwinjectAutoregistration
    - Toast-Swift
    - UIScrollView-InfiniteScroll

SPEC CHECKSUMS:
  Kingfisher: f411ab4902e733fc0c40522920fb5a236d7a7334
  Realm: 64e66568d981de2496f81ecab2e1372b27dc7d58
  RealmSwift: 29bcda3a1fa5613b358bd7ec638f5e12afc89c3a
  Swinject: ddf78b8486dd9b71a667b852cad919ab4484478e
  SwinjectAutoregistration: e83e362da3ca9c64a68290e89efbc40e378dff12
  Toast-Swift: 9b6a70f28b3bf0b96c40d46c0c4b9d6639846711
  UIScrollView-InfiniteScroll: 3ef456bcbe759c19f510a383cff96e6647c98c98

PODFILE CHECKSUM: 0a42b8232551d49e6c19bc16da9c32f061a93c94

COCOAPODS: 1.11.2
